// !$*UTF8*$!
{
	archiveVersion = 1;
	classes = {
	};
	objectVersion = 46;
	objects = {

/* Begin PBXBuildFile section */
		B5DEC33F7F42DF873D134919 /* libPods-GoldenSection.a in Frameworks */ = {isa = PBXBuildFile; fileRef = 857F5D0D9C434C59B31BAD11 /* libPods-GoldenSection.a */; };
		D00787C41867285700B9F7D9 /* iAd.framework in Frameworks */ = {isa = PBXBuildFile; fileRef = D00787C31867285700B9F7D9 /* iAd.framework */; };
		D03CC68E1972580300C585BD /* Main.storyboard in Resources */ = {isa = PBXBuildFile; fileRef = D03CC68C1972580300C585BD /* Main.storyboard */; };
		D050EC8818FE05B300CAF308 /* bgBlue.png in Resources */ = {isa = PBXBuildFile; fileRef = D050EC8718FE05B300CAF308 /* bgBlue.png */; };
		D057BC8D187617CC00BA0D73 /* StoreKit.framework in Frameworks */ = {isa = PBXBuildFile; fileRef = D057BC8C187617CC00BA0D73 /* StoreKit.framework */; };
		D0CD6D7D18E5E8CF00F29886 /* AdSupport.framework in Frameworks */ = {isa = PBXBuildFile; fileRef = D0CD6D7C18E5E8CF00F29886 /* AdSupport.framework */; };
		D0CD6D7F18E5E8D600F29886 /* AudioToolbox.framework in Frameworks */ = {isa = PBXBuildFile; fileRef = D0CD6D7E18E5E8D600F29886 /* AudioToolbox.framework */; };
		D0CD6D8118E5E8DC00F29886 /* AVFoundation.framework in Frameworks */ = {isa = PBXBuildFile; fileRef = D0CD6D8018E5E8DC00F29886 /* AVFoundation.framework */; };
		D0CD6D8318E5E8ED00F29886 /* CoreTelephony.framework in Frameworks */ = {isa = PBXBuildFile; fileRef = D0CD6D8218E5E8ED00F29886 /* CoreTelephony.framework */; };
		D0CD6D8518E5E8F500F29886 /* MessageUI.framework in Frameworks */ = {isa = PBXBuildFile; fileRef = D0CD6D8418E5E8F500F29886 /* MessageUI.framework */; };
		D0CD6D8718E5E90800F29886 /* SystemConfiguration.framework in Frameworks */ = {isa = PBXBuildFile; fileRef = D0CD6D8618E5E90800F29886 /* SystemConfiguration.framework */; };
		D0CD6D8918E5EB2600F29886 /* CoreData.framework in Frameworks */ = {isa = PBXBuildFile; fileRef = D0CD6D8818E5EB2600F29886 /* CoreData.framework */; };
		D0CD6FAA18E5F70300F29886 /* libz.dylib in Frameworks */ = {isa = PBXBuildFile; fileRef = D0CD6FA918E5F70300F29886 /* libz.dylib */; };
		D0CD6FAC18E5F88E00F29886 /* libsqlite3.dylib in Frameworks */ = {isa = PBXBuildFile; fileRef = D0CD6FA618E5F37A00F29886 /* libsqlite3.dylib */; };
		D0E2379E18653BFB00D3A443 /* Foundation.framework in Frameworks */ = {isa = PBXBuildFile; fileRef = D0E2379D18653BFB00D3A443 /* Foundation.framework */; };
		D0E237A018653BFB00D3A443 /* CoreGraphics.framework in Frameworks */ = {isa = PBXBuildFile; fileRef = D0E2379F18653BFB00D3A443 /* CoreGraphics.framework */; };
		D0E237A218653BFB00D3A443 /* UIKit.framework in Frameworks */ = {isa = PBXBuildFile; fileRef = D0E237A118653BFB00D3A443 /* UIKit.framework */; };
		D0E237A818653BFB00D3A443 /* InfoPlist.strings in Resources */ = {isa = PBXBuildFile; fileRef = D0E237A618653BFB00D3A443 /* InfoPlist.strings */; };
		D0E237AA18653BFB00D3A443 /* main.m in Sources */ = {isa = PBXBuildFile; fileRef = D0E237A918653BFB00D3A443 /* main.m */; };
		D0E237AE18653BFB00D3A443 /* goldenSectionAppDelegate.m in Sources */ = {isa = PBXBuildFile; fileRef = D0E237AD18653BFB00D3A443 /* goldenSectionAppDelegate.m */; };
		D0E237B418653BFB00D3A443 /* goldenSectionViewController.m in Sources */ = {isa = PBXBuildFile; fileRef = D0E237B318653BFB00D3A443 /* goldenSectionViewController.m */; };
		D0E237B618653BFB00D3A443 /* Images.xcassets in Resources */ = {isa = PBXBuildFile; fileRef = D0E237B518653BFB00D3A443 /* Images.xcassets */; };
/* End PBXBuildFile section */

/* Begin PBXContainerItemProxy section */
		D0CD6ED218E5F17200F29886 /* PBXContainerItemProxy */ = {
			isa = PBXContainerItemProxy;
			containerPortal = D0CD6E8818E5F17200F29886 /* CuteAnimals.xcodeproj */;
			proxyType = 2;
			remoteGlobalIDString = 113B6EE3153E1F0B003CAC38;
			remoteInfo = CuteAnimals;
		};
		D0CD6FA118E5F2B600F29886 /* PBXContainerItemProxy */ = {
			isa = PBXContainerItemProxy;
			containerPortal = D0CD6E6D18E5F17200F29886 /* CuteAnimals.xcodeproj */;
			proxyType = 2;
			remoteGlobalIDString = 113B6EE3153E1F0B003CAC38;
			remoteInfo = CuteAnimals;
		};
/* End PBXContainerItemProxy section */

/* Begin PBXFileReference section */
		1C2627B791DD7896A22062D9 /* Pods-GoldenSection.release.xcconfig */ = {isa = PBXFileReference; includeInIndex = 1; lastKnownFileType = text.xcconfig; name = "Pods-GoldenSection.release.xcconfig"; path = "Pods/Target Support Files/Pods-GoldenSection/Pods-GoldenSection.release.xcconfig"; sourceTree = "<group>"; };
		767BB13B61AAC445AB098F3F /* Pods-GoldenSection.debug.xcconfig */ = {isa = PBXFileReference; includeInIndex = 1; lastKnownFileType = text.xcconfig; name = "Pods-GoldenSection.debug.xcconfig"; path = "Pods/Target Support Files/Pods-GoldenSection/Pods-GoldenSection.debug.xcconfig"; sourceTree = "<group>"; };
		84453473C81747BF897F5A89 /* libPods.a */ = {isa = PBXFileReference; explicitFileType = archive.ar; includeInIndex = 0; path = libPods.a; sourceTree = BUILT_PRODUCTS_DIR; };
		857F5D0D9C434C59B31BAD11 /* libPods-GoldenSection.a */ = {isa = PBXFileReference; explicitFileType = archive.ar; includeInIndex = 0; path = "libPods-GoldenSection.a"; sourceTree = BUILT_PRODUCTS_DIR; };
		D00787C31867285700B9F7D9 /* iAd.framework */ = {isa = PBXFileReference; lastKnownFileType = wrapper.framework; name = iAd.framework; path = System/Library/Frameworks/iAd.framework; sourceTree = SDKROOT; };
		D03CC68D1972580300C585BD /* Base */ = {isa = PBXFileReference; lastKnownFileType = file.storyboard; name = Base; path = Base.lproj/Main.storyboard; sourceTree = "<group>"; };
		D050EC8718FE05B300CAF308 /* bgBlue.png */ = {isa = PBXFileReference; lastKnownFileType = image.png; path = bgBlue.png; sourceTree = "<group>"; };
		D057BC8C187617CC00BA0D73 /* StoreKit.framework */ = {isa = PBXFileReference; lastKnownFileType = wrapper.framework; name = StoreKit.framework; path = System/Library/Frameworks/StoreKit.framework; sourceTree = SDKROOT; };
		D0CD6D7C18E5E8CF00F29886 /* AdSupport.framework */ = {isa = PBXFileReference; lastKnownFileType = wrapper.framework; name = AdSupport.framework; path = System/Library/Frameworks/AdSupport.framework; sourceTree = SDKROOT; };
		D0CD6D7E18E5E8D600F29886 /* AudioToolbox.framework */ = {isa = PBXFileReference; lastKnownFileType = wrapper.framework; name = AudioToolbox.framework; path = System/Library/Frameworks/AudioToolbox.framework; sourceTree = SDKROOT; };
		D0CD6D8018E5E8DC00F29886 /* AVFoundation.framework */ = {isa = PBXFileReference; lastKnownFileType = wrapper.framework; name = AVFoundation.framework; path = System/Library/Frameworks/AVFoundation.framework; sourceTree = SDKROOT; };
		D0CD6D8218E5E8ED00F29886 /* CoreTelephony.framework */ = {isa = PBXFileReference; lastKnownFileType = wrapper.framework; name = CoreTelephony.framework; path = System/Library/Frameworks/CoreTelephony.framework; sourceTree = SDKROOT; };
		D0CD6D8418E5E8F500F29886 /* MessageUI.framework */ = {isa = PBXFileReference; lastKnownFileType = wrapper.framework; name = MessageUI.framework; path = System/Library/Frameworks/MessageUI.framework; sourceTree = SDKROOT; };
		D0CD6D8618E5E90800F29886 /* SystemConfiguration.framework */ = {isa = PBXFileReference; lastKnownFileType = wrapper.framework; name = SystemConfiguration.framework; path = System/Library/Frameworks/SystemConfiguration.framework; sourceTree = SDKROOT; };
		D0CD6D8818E5EB2600F29886 /* CoreData.framework */ = {isa = PBXFileReference; lastKnownFileType = wrapper.framework; name = CoreData.framework; path = System/Library/Frameworks/CoreData.framework; sourceTree = SDKROOT; };
		D0CD6D8A18E5EB8000F29886 /* libz.1.2.5.dylib */ = {isa = PBXFileReference; lastKnownFileType = "compiled.mach-o.dylib"; name = libz.1.2.5.dylib; path = usr/lib/libz.1.2.5.dylib; sourceTree = SDKROOT; };
		D0CD6D8C18E5EED900F29886 /* libGoogleAnalyticsServices.a */ = {isa = PBXFileReference; lastKnownFileType = archive.ar; name = libGoogleAnalyticsServices.a; path = "GoogleAdMobAdsSdkiOS-6.8.0/Add-ons/GoogleAnalyticsServicesiOS_3.06/libGoogleAnalyticsServices.a"; sourceTree = "<group>"; };
		D0CD6D8D18E5EED900F29886 /* libAdIdAccess.a */ = {isa = PBXFileReference; lastKnownFileType = archive.ar; name = libAdIdAccess.a; path = "GoogleAdMobAdsSdkiOS-6.8.0/Add-ons/GoogleAnalyticsServicesiOS_3.06/libAdIdAccess.a"; sourceTree = "<group>"; };
		D0CD6E6118E5F17200F29886 /* DFPBannerView.h */ = {isa = PBXFileReference; lastKnownFileType = sourcecode.c.h; path = DFPBannerView.h; sourceTree = "<group>"; };
		D0CD6E6218E5F17200F29886 /* DFPExtras.h */ = {isa = PBXFileReference; lastKnownFileType = sourcecode.c.h; path = DFPExtras.h; sourceTree = "<group>"; };
		D0CD6E6318E5F17200F29886 /* DFPInterstitial.h */ = {isa = PBXFileReference; lastKnownFileType = sourcecode.c.h; path = DFPInterstitial.h; sourceTree = "<group>"; };
		D0CD6E6418E5F17200F29886 /* DFPSwipeableBannerView.h */ = {isa = PBXFileReference; lastKnownFileType = sourcecode.c.h; path = DFPSwipeableBannerView.h; sourceTree = "<group>"; };
		D0CD6E6518E5F17200F29886 /* GADAdSizeDelegate.h */ = {isa = PBXFileReference; lastKnownFileType = sourcecode.c.h; path = GADAdSizeDelegate.h; sourceTree = "<group>"; };
		D0CD6E6618E5F17200F29886 /* GADAppEventDelegate.h */ = {isa = PBXFileReference; lastKnownFileType = sourcecode.c.h; path = GADAppEventDelegate.h; sourceTree = "<group>"; };
		D0CD6E6718E5F17200F29886 /* GADSwipeableBannerViewDelegate.h */ = {isa = PBXFileReference; lastKnownFileType = sourcecode.c.h; path = GADSwipeableBannerViewDelegate.h; sourceTree = "<group>"; };
		D0CD6E6A18E5F17200F29886 /* Changelog.txt */ = {isa = PBXFileReference; lastKnownFileType = text; path = Changelog.txt; sourceTree = "<group>"; };
		D0CD6E6D18E5F17200F29886 /* CuteAnimals.xcodeproj */ = {isa = PBXFileReference; lastKnownFileType = "wrapper.pb-project"; path = CuteAnimals.xcodeproj; sourceTree = "<group>"; };
		D0CD6E7118E5F17200F29886 /* GAI.h */ = {isa = PBXFileReference; lastKnownFileType = sourcecode.c.h; path = GAI.h; sourceTree = "<group>"; };
		D0CD6E7218E5F17200F29886 /* GAIDictionaryBuilder.h */ = {isa = PBXFileReference; lastKnownFileType = sourcecode.c.h; path = GAIDictionaryBuilder.h; sourceTree = "<group>"; };
		D0CD6E7318E5F17200F29886 /* GAIFields.h */ = {isa = PBXFileReference; lastKnownFileType = sourcecode.c.h; path = GAIFields.h; sourceTree = "<group>"; };
		D0CD6E7418E5F17200F29886 /* GAILogger.h */ = {isa = PBXFileReference; lastKnownFileType = sourcecode.c.h; path = GAILogger.h; sourceTree = "<group>"; };
		D0CD6E7518E5F17200F29886 /* GAITrackedViewController.h */ = {isa = PBXFileReference; lastKnownFileType = sourcecode.c.h; path = GAITrackedViewController.h; sourceTree = "<group>"; };
		D0CD6E7618E5F17200F29886 /* GAITracker.h */ = {isa = PBXFileReference; lastKnownFileType = sourcecode.c.h; path = GAITracker.h; sourceTree = "<group>"; };
		D0CD6E7718E5F17200F29886 /* Readme.txt */ = {isa = PBXFileReference; lastKnownFileType = text; path = Readme.txt; sourceTree = "<group>"; };
		D0CD6E7918E5F17200F29886 /* Changelog.txt */ = {isa = PBXFileReference; lastKnownFileType = text; path = Changelog.txt; sourceTree = "<group>"; };
		D0CD6E7C18E5F17200F29886 /* AppDelegate.h */ = {isa = PBXFileReference; lastKnownFileType = sourcecode.c.h; path = AppDelegate.h; sourceTree = "<group>"; };
		D0CD6E7D18E5F17200F29886 /* AppDelegate.m */ = {isa = PBXFileReference; lastKnownFileType = sourcecode.c.objc; path = AppDelegate.m; sourceTree = "<group>"; };
		D0CD6E7E18E5F17200F29886 /* CategoryViewController.h */ = {isa = PBXFileReference; lastKnownFileType = sourcecode.c.h; path = CategoryViewController.h; sourceTree = "<group>"; };
		D0CD6E7F18E5F17200F29886 /* CategoryViewController.m */ = {isa = PBXFileReference; lastKnownFileType = sourcecode.c.objc; path = CategoryViewController.m; sourceTree = "<group>"; };
		D0CD6E8018E5F17200F29886 /* CategoryViewController_iPad.xib */ = {isa = PBXFileReference; lastKnownFileType = file.xib; path = CategoryViewController_iPad.xib; sourceTree = "<group>"; };
		D0CD6E8118E5F17200F29886 /* CategoryViewController_iPhone.xib */ = {isa = PBXFileReference; lastKnownFileType = file.xib; path = CategoryViewController_iPhone.xib; sourceTree = "<group>"; };
		D0CD6E8218E5F17200F29886 /* CustomMacroHandler.h */ = {isa = PBXFileReference; lastKnownFileType = sourcecode.c.h; path = CustomMacroHandler.h; sourceTree = "<group>"; };
		D0CD6E8318E5F17200F29886 /* CustomMacroHandler.m */ = {isa = PBXFileReference; lastKnownFileType = sourcecode.c.objc; path = CustomMacroHandler.m; sourceTree = "<group>"; };
		D0CD6E8418E5F17200F29886 /* CustomTagHandler.h */ = {isa = PBXFileReference; lastKnownFileType = sourcecode.c.h; path = CustomTagHandler.h; sourceTree = "<group>"; };
		D0CD6E8518E5F17200F29886 /* CustomTagHandler.m */ = {isa = PBXFileReference; lastKnownFileType = sourcecode.c.objc; path = CustomTagHandler.m; sourceTree = "<group>"; };
		D0CD6E8618E5F17200F29886 /* CuteAnimals-Info.plist */ = {isa = PBXFileReference; lastKnownFileType = text.plist.xml; path = "CuteAnimals-Info.plist"; sourceTree = "<group>"; };
		D0CD6E8718E5F17200F29886 /* CuteAnimals-Prefix.pch */ = {isa = PBXFileReference; lastKnownFileType = sourcecode.c.h; path = "CuteAnimals-Prefix.pch"; sourceTree = "<group>"; };
		D0CD6E8818E5F17200F29886 /* CuteAnimals.xcodeproj */ = {isa = PBXFileReference; lastKnownFileType = "wrapper.pb-project"; path = CuteAnimals.xcodeproj; sourceTree = "<group>"; };
		D0CD6E8B18E5F17200F29886 /* GTM-XXXX */ = {isa = PBXFileReference; lastKnownFileType = text; path = "GTM-XXXX"; sourceTree = "<group>"; };
		D0CD6E8C18E5F17200F29886 /* GTM-XXXX.plist */ = {isa = PBXFileReference; lastKnownFileType = text.plist.xml; path = "GTM-XXXX.plist"; sourceTree = "<group>"; };
		D0CD6E8E18E5F17200F29886 /* Bunny-1.jpg */ = {isa = PBXFileReference; lastKnownFileType = image.jpeg; path = "Bunny-1.jpg"; sourceTree = "<group>"; };
		D0CD6E8F18E5F17200F29886 /* Bunny-2.jpg */ = {isa = PBXFileReference; lastKnownFileType = image.jpeg; path = "Bunny-2.jpg"; sourceTree = "<group>"; };
		D0CD6E9018E5F17200F29886 /* Bunny-3.jpg */ = {isa = PBXFileReference; lastKnownFileType = image.jpeg; path = "Bunny-3.jpg"; sourceTree = "<group>"; };
		D0CD6E9118E5F17200F29886 /* Cat-1.jpg */ = {isa = PBXFileReference; lastKnownFileType = image.jpeg; path = "Cat-1.jpg"; sourceTree = "<group>"; };
		D0CD6E9218E5F17200F29886 /* Cat-2.jpg */ = {isa = PBXFileReference; lastKnownFileType = image.jpeg; path = "Cat-2.jpg"; sourceTree = "<group>"; };
		D0CD6E9318E5F17200F29886 /* Cat-3.jpg */ = {isa = PBXFileReference; lastKnownFileType = image.jpeg; path = "Cat-3.jpg"; sourceTree = "<group>"; };
		D0CD6E9418E5F17200F29886 /* Cat-4.jpg */ = {isa = PBXFileReference; lastKnownFileType = image.jpeg; path = "Cat-4.jpg"; sourceTree = "<group>"; };
		D0CD6E9518E5F17200F29886 /* Container.png */ = {isa = PBXFileReference; lastKnownFileType = image.png; path = Container.png; sourceTree = "<group>"; };
		D0CD6E9618E5F17200F29886 /* CustomTag.png */ = {isa = PBXFileReference; lastKnownFileType = image.png; path = CustomTag.png; sourceTree = "<group>"; };
		D0CD6E9718E5F17200F29886 /* Lion-1.jpg */ = {isa = PBXFileReference; lastKnownFileType = image.jpeg; path = "Lion-1.jpg"; sourceTree = "<group>"; };
		D0CD6E9818E5F17200F29886 /* Lion-2.jpg */ = {isa = PBXFileReference; lastKnownFileType = image.jpeg; path = "Lion-2.jpg"; sourceTree = "<group>"; };
		D0CD6E9918E5F17200F29886 /* Lion-3.jpg */ = {isa = PBXFileReference; lastKnownFileType = image.jpeg; path = "Lion-3.jpg"; sourceTree = "<group>"; };
		D0CD6E9A18E5F17200F29886 /* Lion-4.jpg */ = {isa = PBXFileReference; lastKnownFileType = image.jpeg; path = "Lion-4.jpg"; sourceTree = "<group>"; };
		D0CD6E9B18E5F17200F29886 /* Monkey-1.jpg */ = {isa = PBXFileReference; lastKnownFileType = image.jpeg; path = "Monkey-1.jpg"; sourceTree = "<group>"; };
		D0CD6E9C18E5F17200F29886 /* Monkey-2.jpg */ = {isa = PBXFileReference; lastKnownFileType = image.jpeg; path = "Monkey-2.jpg"; sourceTree = "<group>"; };
		D0CD6E9D18E5F17200F29886 /* Monkey-3.jpg */ = {isa = PBXFileReference; lastKnownFileType = image.jpeg; path = "Monkey-3.jpg"; sourceTree = "<group>"; };
		D0CD6E9E18E5F17200F29886 /* Monkey-4.jpg */ = {isa = PBXFileReference; lastKnownFileType = image.jpeg; path = "Monkey-4.jpg"; sourceTree = "<group>"; };
		D0CD6E9F18E5F17200F29886 /* Monkey-5.jpg */ = {isa = PBXFileReference; lastKnownFileType = image.jpeg; path = "Monkey-5.jpg"; sourceTree = "<group>"; };
		D0CD6EA018E5F17200F29886 /* NumRefreshesMod5.png */ = {isa = PBXFileReference; lastKnownFileType = image.png; path = NumRefreshesMod5.png; sourceTree = "<group>"; };
		D0CD6EA118E5F17200F29886 /* RefreshEvent.png */ = {isa = PBXFileReference; lastKnownFileType = image.png; path = RefreshEvent.png; sourceTree = "<group>"; };
		D0CD6EA218E5F17200F29886 /* RefreshEventTag.png */ = {isa = PBXFileReference; lastKnownFileType = image.png; path = RefreshEventTag.png; sourceTree = "<group>"; };
		D0CD6EA318E5F17200F29886 /* ScreenClosedTag.png */ = {isa = PBXFileReference; lastKnownFileType = image.png; path = ScreenClosedTag.png; sourceTree = "<group>"; };
		D0CD6EA418E5F17200F29886 /* ScreenOpenTag.png */ = {isa = PBXFileReference; lastKnownFileType = image.png; path = ScreenOpenTag.png; sourceTree = "<group>"; };
		D0CD6EA518E5F17200F29886 /* Tiger-1.jpg */ = {isa = PBXFileReference; lastKnownFileType = image.jpeg; path = "Tiger-1.jpg"; sourceTree = "<group>"; };
		D0CD6EA618E5F17200F29886 /* Tiger-2.jpg */ = {isa = PBXFileReference; lastKnownFileType = image.jpeg; path = "Tiger-2.jpg"; sourceTree = "<group>"; };
		D0CD6EA718E5F17200F29886 /* ImageViewController.h */ = {isa = PBXFileReference; lastKnownFileType = sourcecode.c.h; path = ImageViewController.h; sourceTree = "<group>"; };
		D0CD6EA818E5F17200F29886 /* ImageViewController.m */ = {isa = PBXFileReference; lastKnownFileType = sourcecode.c.objc; path = ImageViewController.m; sourceTree = "<group>"; };
		D0CD6EA918E5F17200F29886 /* main.m */ = {isa = PBXFileReference; lastKnownFileType = sourcecode.c.objc; path = main.m; sourceTree = "<group>"; };
		D0CD6EAA18E5F17200F29886 /* NavController.h */ = {isa = PBXFileReference; lastKnownFileType = sourcecode.c.h; path = NavController.h; sourceTree = "<group>"; };
		D0CD6EAB18E5F17200F29886 /* NavController.m */ = {isa = PBXFileReference; lastKnownFileType = sourcecode.c.objc; path = NavController.m; sourceTree = "<group>"; };
		D0CD6EAC18E5F17200F29886 /* README */ = {isa = PBXFileReference; lastKnownFileType = text; path = README; sourceTree = "<group>"; };
		D0CD6EAD18E5F17200F29886 /* RootViewController.h */ = {isa = PBXFileReference; lastKnownFileType = sourcecode.c.h; path = RootViewController.h; sourceTree = "<group>"; };
		D0CD6EAE18E5F17200F29886 /* RootViewController.m */ = {isa = PBXFileReference; lastKnownFileType = sourcecode.c.objc; path = RootViewController.m; sourceTree = "<group>"; };
		D0CD6EAF18E5F17200F29886 /* RootViewController.xib */ = {isa = PBXFileReference; lastKnownFileType = file.xib; path = RootViewController.xib; sourceTree = "<group>"; };
		D0CD6EB018E5F17200F29886 /* Utils.h */ = {isa = PBXFileReference; lastKnownFileType = sourcecode.c.h; path = Utils.h; sourceTree = "<group>"; };
		D0CD6EB118E5F17200F29886 /* Utils.m */ = {isa = PBXFileReference; lastKnownFileType = sourcecode.c.objc; path = Utils.m; sourceTree = "<group>"; };
		D0CD6EB318E5F17200F29886 /* TAGContainer.h */ = {isa = PBXFileReference; lastKnownFileType = sourcecode.c.h; path = TAGContainer.h; sourceTree = "<group>"; };
		D0CD6EB418E5F17200F29886 /* TAGContainerOpener.h */ = {isa = PBXFileReference; lastKnownFileType = sourcecode.c.h; path = TAGContainerOpener.h; sourceTree = "<group>"; };
		D0CD6EB518E5F17200F29886 /* TAGDataLayer.h */ = {isa = PBXFileReference; lastKnownFileType = sourcecode.c.h; path = TAGDataLayer.h; sourceTree = "<group>"; };
		D0CD6EB618E5F17200F29886 /* TAGLogger.h */ = {isa = PBXFileReference; lastKnownFileType = sourcecode.c.h; path = TAGLogger.h; sourceTree = "<group>"; };
		D0CD6EB718E5F17200F29886 /* TAGManager.h */ = {isa = PBXFileReference; lastKnownFileType = sourcecode.c.h; path = TAGManager.h; sourceTree = "<group>"; };
		D0CD6EB818E5F17200F29886 /* Readme.txt */ = {isa = PBXFileReference; lastKnownFileType = text; path = Readme.txt; sourceTree = "<group>"; };
		D0CD6EB918E5F17200F29886 /* libAdIdAccess.a */ = {isa = PBXFileReference; lastKnownFileType = archive.ar; path = libAdIdAccess.a; sourceTree = "<group>"; };
		D0CD6EBA18E5F17200F29886 /* libGoogleAnalyticsServices.a */ = {isa = PBXFileReference; lastKnownFileType = archive.ar; path = libGoogleAnalyticsServices.a; sourceTree = "<group>"; };
		D0CD6EBB18E5F17200F29886 /* Readme.txt */ = {isa = PBXFileReference; lastKnownFileType = text; path = Readme.txt; sourceTree = "<group>"; };
		D0CD6EBD18E5F17200F29886 /* GADCustomEventBanner.h */ = {isa = PBXFileReference; lastKnownFileType = sourcecode.c.h; path = GADCustomEventBanner.h; sourceTree = "<group>"; };
		D0CD6EBE18E5F17200F29886 /* GADCustomEventBannerDelegate.h */ = {isa = PBXFileReference; lastKnownFileType = sourcecode.c.h; path = GADCustomEventBannerDelegate.h; sourceTree = "<group>"; };
		D0CD6EBF18E5F17200F29886 /* GADCustomEventExtras.h */ = {isa = PBXFileReference; lastKnownFileType = sourcecode.c.h; path = GADCustomEventExtras.h; sourceTree = "<group>"; };
		D0CD6EC018E5F17200F29886 /* GADCustomEventInterstitial.h */ = {isa = PBXFileReference; lastKnownFileType = sourcecode.c.h; path = GADCustomEventInterstitial.h; sourceTree = "<group>"; };
		D0CD6EC118E5F17200F29886 /* GADCustomEventInterstitialDelegate.h */ = {isa = PBXFileReference; lastKnownFileType = sourcecode.c.h; path = GADCustomEventInterstitialDelegate.h; sourceTree = "<group>"; };
		D0CD6EC218E5F17200F29886 /* GADCustomEventRequest.h */ = {isa = PBXFileReference; lastKnownFileType = sourcecode.c.h; path = GADCustomEventRequest.h; sourceTree = "<group>"; };
		D0CD6EC418E5F17200F29886 /* GADSearchBannerView.h */ = {isa = PBXFileReference; lastKnownFileType = sourcecode.c.h; path = GADSearchBannerView.h; sourceTree = "<group>"; };
		D0CD6EC518E5F17200F29886 /* GADSearchRequest.h */ = {isa = PBXFileReference; lastKnownFileType = sourcecode.c.h; path = GADSearchRequest.h; sourceTree = "<group>"; };
		D0CD6EC618E5F17200F29886 /* GADAdMobExtras.h */ = {isa = PBXFileReference; lastKnownFileType = sourcecode.c.h; path = GADAdMobExtras.h; sourceTree = "<group>"; };
		D0CD6EC718E5F17200F29886 /* GADAdNetworkExtras.h */ = {isa = PBXFileReference; lastKnownFileType = sourcecode.c.h; path = GADAdNetworkExtras.h; sourceTree = "<group>"; };
		D0CD6EC818E5F17200F29886 /* GADAdSize.h */ = {isa = PBXFileReference; lastKnownFileType = sourcecode.c.h; path = GADAdSize.h; sourceTree = "<group>"; };
		D0CD6EC918E5F17200F29886 /* GADBannerView.h */ = {isa = PBXFileReference; lastKnownFileType = sourcecode.c.h; path = GADBannerView.h; sourceTree = "<group>"; };
		D0CD6ECA18E5F17200F29886 /* GADBannerViewDelegate.h */ = {isa = PBXFileReference; lastKnownFileType = sourcecode.c.h; path = GADBannerViewDelegate.h; sourceTree = "<group>"; };
		D0CD6ECB18E5F17200F29886 /* GADInterstitial.h */ = {isa = PBXFileReference; lastKnownFileType = sourcecode.c.h; path = GADInterstitial.h; sourceTree = "<group>"; };
		D0CD6ECC18E5F17200F29886 /* GADInterstitialDelegate.h */ = {isa = PBXFileReference; lastKnownFileType = sourcecode.c.h; path = GADInterstitialDelegate.h; sourceTree = "<group>"; };
		D0CD6ECD18E5F17200F29886 /* GADRequest.h */ = {isa = PBXFileReference; lastKnownFileType = sourcecode.c.h; path = GADRequest.h; sourceTree = "<group>"; };
		D0CD6ECE18E5F17200F29886 /* GADRequestError.h */ = {isa = PBXFileReference; lastKnownFileType = sourcecode.c.h; path = GADRequestError.h; sourceTree = "<group>"; };
		D0CD6ECF18E5F17200F29886 /* libGoogleAdMobAds.a */ = {isa = PBXFileReference; lastKnownFileType = archive.ar; path = libGoogleAdMobAds.a; sourceTree = "<group>"; };
		D0CD6ED018E5F17200F29886 /* README.txt */ = {isa = PBXFileReference; lastKnownFileType = text; path = README.txt; sourceTree = "<group>"; };
		D0CD6FA618E5F37A00F29886 /* libsqlite3.dylib */ = {isa = PBXFileReference; lastKnownFileType = "compiled.mach-o.dylib"; name = libsqlite3.dylib; path = usr/lib/libsqlite3.dylib; sourceTree = SDKROOT; };
		D0CD6FA918E5F70300F29886 /* libz.dylib */ = {isa = PBXFileReference; lastKnownFileType = "compiled.mach-o.dylib"; name = libz.dylib; path = usr/lib/libz.dylib; sourceTree = SDKROOT; };
		D0E2379A18653BFB00D3A443 /* Golden Ratio.app */ = {isa = PBXFileReference; explicitFileType = wrapper.application; includeInIndex = 0; path = "Golden Ratio.app"; sourceTree = BUILT_PRODUCTS_DIR; };
		D0E2379D18653BFB00D3A443 /* Foundation.framework */ = {isa = PBXFileReference; lastKnownFileType = wrapper.framework; name = Foundation.framework; path = System/Library/Frameworks/Foundation.framework; sourceTree = SDKROOT; };
		D0E2379F18653BFB00D3A443 /* CoreGraphics.framework */ = {isa = PBXFileReference; lastKnownFileType = wrapper.framework; name = CoreGraphics.framework; path = System/Library/Frameworks/CoreGraphics.framework; sourceTree = SDKROOT; };
		D0E237A118653BFB00D3A443 /* UIKit.framework */ = {isa = PBXFileReference; lastKnownFileType = wrapper.framework; name = UIKit.framework; path = System/Library/Frameworks/UIKit.framework; sourceTree = SDKROOT; };
		D0E237A518653BFB00D3A443 /* GoldenSection-Info.plist */ = {isa = PBXFileReference; lastKnownFileType = text.plist.xml; path = "GoldenSection-Info.plist"; sourceTree = "<group>"; };
		D0E237A718653BFB00D3A443 /* en */ = {isa = PBXFileReference; lastKnownFileType = text.plist.strings; name = en; path = en.lproj/InfoPlist.strings; sourceTree = "<group>"; };
		D0E237A918653BFB00D3A443 /* main.m */ = {isa = PBXFileReference; lastKnownFileType = sourcecode.c.objc; path = main.m; sourceTree = "<group>"; };
		D0E237AB18653BFB00D3A443 /* GoldenSection-Prefix.pch */ = {isa = PBXFileReference; lastKnownFileType = sourcecode.c.h; path = "GoldenSection-Prefix.pch"; sourceTree = "<group>"; };
		D0E237AC18653BFB00D3A443 /* goldenSectionAppDelegate.h */ = {isa = PBXFileReference; lastKnownFileType = sourcecode.c.h; path = goldenSectionAppDelegate.h; sourceTree = "<group>"; };
		D0E237AD18653BFB00D3A443 /* goldenSectionAppDelegate.m */ = {isa = PBXFileReference; lastKnownFileType = sourcecode.c.objc; path = goldenSectionAppDelegate.m; sourceTree = "<group>"; };
		D0E237B218653BFB00D3A443 /* goldenSectionViewController.h */ = {isa = PBXFileReference; lastKnownFileType = sourcecode.c.h; path = goldenSectionViewController.h; sourceTree = "<group>"; };
		D0E237B318653BFB00D3A443 /* goldenSectionViewController.m */ = {isa = PBXFileReference; lastKnownFileType = sourcecode.c.objc; path = goldenSectionViewController.m; sourceTree = "<group>"; };
		D0E237B518653BFB00D3A443 /* Images.xcassets */ = {isa = PBXFileReference; lastKnownFileType = folder.assetcatalog; path = Images.xcassets; sourceTree = "<group>"; };
		D0E237BC18653BFB00D3A443 /* XCTest.framework */ = {isa = PBXFileReference; lastKnownFileType = wrapper.framework; name = XCTest.framework; path = Library/Frameworks/XCTest.framework; sourceTree = DEVELOPER_DIR; };
/* End PBXFileReference section */

/* Begin PBXFrameworksBuildPhase section */
		D0E2379718653BFB00D3A443 /* Frameworks */ = {
			isa = PBXFrameworksBuildPhase;
			buildActionMask = 2147483647;
			files = (
				D0CD6FAC18E5F88E00F29886 /* libsqlite3.dylib in Frameworks */,
				D0CD6FAA18E5F70300F29886 /* libz.dylib in Frameworks */,
				D0CD6D8718E5E90800F29886 /* SystemConfiguration.framework in Frameworks */,
				D0CD6D8918E5EB2600F29886 /* CoreData.framework in Frameworks */,
				D00787C41867285700B9F7D9 /* iAd.framework in Frameworks */,
				D0E237A218653BFB00D3A443 /* UIKit.framework in Frameworks */,
				D0E2379E18653BFB00D3A443 /* Foundation.framework in Frameworks */,
				D057BC8D187617CC00BA0D73 /* StoreKit.framework in Frameworks */,
				D0CD6D8518E5E8F500F29886 /* MessageUI.framework in Frameworks */,
				D0CD6D8318E5E8ED00F29886 /* CoreTelephony.framework in Frameworks */,
				D0E237A018653BFB00D3A443 /* CoreGraphics.framework in Frameworks */,
				D0CD6D8118E5E8DC00F29886 /* AVFoundation.framework in Frameworks */,
				D0CD6D7F18E5E8D600F29886 /* AudioToolbox.framework in Frameworks */,
				D0CD6D7D18E5E8CF00F29886 /* AdSupport.framework in Frameworks */,
				B5DEC33F7F42DF873D134919 /* libPods-GoldenSection.a in Frameworks */,
			);
			runOnlyForDeploymentPostprocessing = 0;
		};
/* End PBXFrameworksBuildPhase section */

/* Begin PBXGroup section */
		AE131B1890E309A6CAC8C3A9 /* Pods */ = {
			isa = PBXGroup;
			children = (
				767BB13B61AAC445AB098F3F /* Pods-GoldenSection.debug.xcconfig */,
				1C2627B791DD7896A22062D9 /* Pods-GoldenSection.release.xcconfig */,
			);
			name = Pods;
			sourceTree = "<group>";
		};
		D0CD6E5E18E5F17200F29886 /* GoogleAdMobAdsSdkiOS-6.8.0 */ = {
			isa = PBXGroup;
			children = (
				D0CD6E5F18E5F17200F29886 /* Add-ons */,
				D0CD6EC618E5F17200F29886 /* GADAdMobExtras.h */,
				D0CD6EC718E5F17200F29886 /* GADAdNetworkExtras.h */,
				D0CD6EC818E5F17200F29886 /* GADAdSize.h */,
				D0CD6EC918E5F17200F29886 /* GADBannerView.h */,
				D0CD6ECA18E5F17200F29886 /* GADBannerViewDelegate.h */,
				D0CD6ECB18E5F17200F29886 /* GADInterstitial.h */,
				D0CD6ECC18E5F17200F29886 /* GADInterstitialDelegate.h */,
				D0CD6ECD18E5F17200F29886 /* GADRequest.h */,
				D0CD6ECE18E5F17200F29886 /* GADRequestError.h */,
				D0CD6ECF18E5F17200F29886 /* libGoogleAdMobAds.a */,
				D0CD6ED018E5F17200F29886 /* README.txt */,
			);
			path = "GoogleAdMobAdsSdkiOS-6.8.0";
			sourceTree = "<group>";
		};
		D0CD6E5F18E5F17200F29886 /* Add-ons */ = {
			isa = PBXGroup;
			children = (
				D0CD6E6018E5F17200F29886 /* DoubleClick */,
				D0CD6E6818E5F17200F29886 /* GoogleAnalyticsServicesiOS_3.06 */,
				D0CD6EBC18E5F17200F29886 /* Mediation */,
				D0CD6EC318E5F17200F29886 /* Search */,
			);
			path = "Add-ons";
			sourceTree = "<group>";
		};
		D0CD6E6018E5F17200F29886 /* DoubleClick */ = {
			isa = PBXGroup;
			children = (
				D0CD6E6118E5F17200F29886 /* DFPBannerView.h */,
				D0CD6E6218E5F17200F29886 /* DFPExtras.h */,
				D0CD6E6318E5F17200F29886 /* DFPInterstitial.h */,
				D0CD6E6418E5F17200F29886 /* DFPSwipeableBannerView.h */,
				D0CD6E6518E5F17200F29886 /* GADAdSizeDelegate.h */,
				D0CD6E6618E5F17200F29886 /* GADAppEventDelegate.h */,
				D0CD6E6718E5F17200F29886 /* GADSwipeableBannerViewDelegate.h */,
			);
			path = DoubleClick;
			sourceTree = "<group>";
		};
		D0CD6E6818E5F17200F29886 /* GoogleAnalyticsServicesiOS_3.06 */ = {
			isa = PBXGroup;
			children = (
				D0CD6E6918E5F17200F29886 /* GoogleAnalytics */,
				D0CD6E7818E5F17200F29886 /* GoogleTagManager */,
				D0CD6EB918E5F17200F29886 /* libAdIdAccess.a */,
				D0CD6EBA18E5F17200F29886 /* libGoogleAnalyticsServices.a */,
				D0CD6EBB18E5F17200F29886 /* Readme.txt */,
			);
			path = GoogleAnalyticsServicesiOS_3.06;
			sourceTree = "<group>";
		};
		D0CD6E6918E5F17200F29886 /* GoogleAnalytics */ = {
			isa = PBXGroup;
			children = (
				D0CD6E6A18E5F17200F29886 /* Changelog.txt */,
				D0CD6E6B18E5F17200F29886 /* Examples */,
				D0CD6E7018E5F17200F29886 /* Library */,
				D0CD6E7718E5F17200F29886 /* Readme.txt */,
			);
			path = GoogleAnalytics;
			sourceTree = "<group>";
		};
		D0CD6E6B18E5F17200F29886 /* Examples */ = {
			isa = PBXGroup;
			children = (
				D0CD6E6C18E5F17200F29886 /* CuteAnimals */,
			);
			path = Examples;
			sourceTree = "<group>";
		};
		D0CD6E6C18E5F17200F29886 /* CuteAnimals */ = {
			isa = PBXGroup;
			children = (
				D0CD6E6D18E5F17200F29886 /* CuteAnimals.xcodeproj */,
			);
			path = CuteAnimals;
			sourceTree = "<group>";
		};
		D0CD6E6E18E5F17200F29886 /* Products */ = {
			isa = PBXGroup;
			children = (
				D0CD6FA218E5F2B600F29886 /* CuteAnimals.app */,
			);
			name = Products;
			sourceTree = "<group>";
		};
		D0CD6E7018E5F17200F29886 /* Library */ = {
			isa = PBXGroup;
			children = (
				D0CD6E7118E5F17200F29886 /* GAI.h */,
				D0CD6E7218E5F17200F29886 /* GAIDictionaryBuilder.h */,
				D0CD6E7318E5F17200F29886 /* GAIFields.h */,
				D0CD6E7418E5F17200F29886 /* GAILogger.h */,
				D0CD6E7518E5F17200F29886 /* GAITrackedViewController.h */,
				D0CD6E7618E5F17200F29886 /* GAITracker.h */,
			);
			path = Library;
			sourceTree = "<group>";
		};
		D0CD6E7818E5F17200F29886 /* GoogleTagManager */ = {
			isa = PBXGroup;
			children = (
				D0CD6E7918E5F17200F29886 /* Changelog.txt */,
				D0CD6E7A18E5F17200F29886 /* Examples */,
				D0CD6EB218E5F17200F29886 /* Library */,
				D0CD6EB818E5F17200F29886 /* Readme.txt */,
			);
			path = GoogleTagManager;
			sourceTree = "<group>";
		};
		D0CD6E7A18E5F17200F29886 /* Examples */ = {
			isa = PBXGroup;
			children = (
				D0CD6E7B18E5F17200F29886 /* CuteAnimals */,
			);
			path = Examples;
			sourceTree = "<group>";
		};
		D0CD6E7B18E5F17200F29886 /* CuteAnimals */ = {
			isa = PBXGroup;
			children = (
				D0CD6E7C18E5F17200F29886 /* AppDelegate.h */,
				D0CD6E7D18E5F17200F29886 /* AppDelegate.m */,
				D0CD6E7E18E5F17200F29886 /* CategoryViewController.h */,
				D0CD6E7F18E5F17200F29886 /* CategoryViewController.m */,
				D0CD6E8018E5F17200F29886 /* CategoryViewController_iPad.xib */,
				D0CD6E8118E5F17200F29886 /* CategoryViewController_iPhone.xib */,
				D0CD6E8218E5F17200F29886 /* CustomMacroHandler.h */,
				D0CD6E8318E5F17200F29886 /* CustomMacroHandler.m */,
				D0CD6E8418E5F17200F29886 /* CustomTagHandler.h */,
				D0CD6E8518E5F17200F29886 /* CustomTagHandler.m */,
				D0CD6E8618E5F17200F29886 /* CuteAnimals-Info.plist */,
				D0CD6E8718E5F17200F29886 /* CuteAnimals-Prefix.pch */,
				D0CD6E8818E5F17200F29886 /* CuteAnimals.xcodeproj */,
				D0CD6E8B18E5F17200F29886 /* GTM-XXXX */,
				D0CD6E8C18E5F17200F29886 /* GTM-XXXX.plist */,
				D0CD6E8D18E5F17200F29886 /* Images */,
				D0CD6EA718E5F17200F29886 /* ImageViewController.h */,
				D0CD6EA818E5F17200F29886 /* ImageViewController.m */,
				D0CD6EA918E5F17200F29886 /* main.m */,
				D0CD6EAA18E5F17200F29886 /* NavController.h */,
				D0CD6EAB18E5F17200F29886 /* NavController.m */,
				D0CD6EAC18E5F17200F29886 /* README */,
				D0CD6EAD18E5F17200F29886 /* RootViewController.h */,
				D0CD6EAE18E5F17200F29886 /* RootViewController.m */,
				D0CD6EAF18E5F17200F29886 /* RootViewController.xib */,
				D0CD6EB018E5F17200F29886 /* Utils.h */,
				D0CD6EB118E5F17200F29886 /* Utils.m */,
			);
			path = CuteAnimals;
			sourceTree = "<group>";
		};
		D0CD6E8918E5F17200F29886 /* Products */ = {
			isa = PBXGroup;
			children = (
				D0CD6ED318E5F17200F29886 /* CuteAnimals.app */,
			);
			name = Products;
			sourceTree = "<group>";
		};
		D0CD6E8D18E5F17200F29886 /* Images */ = {
			isa = PBXGroup;
			children = (
				D0CD6E8E18E5F17200F29886 /* Bunny-1.jpg */,
				D0CD6E8F18E5F17200F29886 /* Bunny-2.jpg */,
				D0CD6E9018E5F17200F29886 /* Bunny-3.jpg */,
				D0CD6E9118E5F17200F29886 /* Cat-1.jpg */,
				D0CD6E9218E5F17200F29886 /* Cat-2.jpg */,
				D0CD6E9318E5F17200F29886 /* Cat-3.jpg */,
				D0CD6E9418E5F17200F29886 /* Cat-4.jpg */,
				D0CD6E9518E5F17200F29886 /* Container.png */,
				D0CD6E9618E5F17200F29886 /* CustomTag.png */,
				D0CD6E9718E5F17200F29886 /* Lion-1.jpg */,
				D0CD6E9818E5F17200F29886 /* Lion-2.jpg */,
				D0CD6E9918E5F17200F29886 /* Lion-3.jpg */,
				D0CD6E9A18E5F17200F29886 /* Lion-4.jpg */,
				D0CD6E9B18E5F17200F29886 /* Monkey-1.jpg */,
				D0CD6E9C18E5F17200F29886 /* Monkey-2.jpg */,
				D0CD6E9D18E5F17200F29886 /* Monkey-3.jpg */,
				D0CD6E9E18E5F17200F29886 /* Monkey-4.jpg */,
				D0CD6E9F18E5F17200F29886 /* Monkey-5.jpg */,
				D0CD6EA018E5F17200F29886 /* NumRefreshesMod5.png */,
				D0CD6EA118E5F17200F29886 /* RefreshEvent.png */,
				D0CD6EA218E5F17200F29886 /* RefreshEventTag.png */,
				D0CD6EA318E5F17200F29886 /* ScreenClosedTag.png */,
				D0CD6EA418E5F17200F29886 /* ScreenOpenTag.png */,
				D0CD6EA518E5F17200F29886 /* Tiger-1.jpg */,
				D0CD6EA618E5F17200F29886 /* Tiger-2.jpg */,
			);
			path = Images;
			sourceTree = "<group>";
		};
		D0CD6EB218E5F17200F29886 /* Library */ = {
			isa = PBXGroup;
			children = (
				D0CD6EB318E5F17200F29886 /* TAGContainer.h */,
				D0CD6EB418E5F17200F29886 /* TAGContainerOpener.h */,
				D0CD6EB518E5F17200F29886 /* TAGDataLayer.h */,
				D0CD6EB618E5F17200F29886 /* TAGLogger.h */,
				D0CD6EB718E5F17200F29886 /* TAGManager.h */,
			);
			path = Library;
			sourceTree = "<group>";
		};
		D0CD6EBC18E5F17200F29886 /* Mediation */ = {
			isa = PBXGroup;
			children = (
				D0CD6EBD18E5F17200F29886 /* GADCustomEventBanner.h */,
				D0CD6EBE18E5F17200F29886 /* GADCustomEventBannerDelegate.h */,
				D0CD6EBF18E5F17200F29886 /* GADCustomEventExtras.h */,
				D0CD6EC018E5F17200F29886 /* GADCustomEventInterstitial.h */,
				D0CD6EC118E5F17200F29886 /* GADCustomEventInterstitialDelegate.h */,
				D0CD6EC218E5F17200F29886 /* GADCustomEventRequest.h */,
			);
			path = Mediation;
			sourceTree = "<group>";
		};
		D0CD6EC318E5F17200F29886 /* Search */ = {
			isa = PBXGroup;
			children = (
				D0CD6EC418E5F17200F29886 /* GADSearchBannerView.h */,
				D0CD6EC518E5F17200F29886 /* GADSearchRequest.h */,
			);
			path = Search;
			sourceTree = "<group>";
		};
		D0E2379118653BFB00D3A443 = {
			isa = PBXGroup;
			children = (
				D0E237A318653BFB00D3A443 /* GoldenSection */,
				D0E2379C18653BFB00D3A443 /* Frameworks */,
				D0E2379B18653BFB00D3A443 /* Products */,
				AE131B1890E309A6CAC8C3A9 /* Pods */,
			);
			sourceTree = "<group>";
		};
		D0E2379B18653BFB00D3A443 /* Products */ = {
			isa = PBXGroup;
			children = (
				D0E2379A18653BFB00D3A443 /* Golden Ratio.app */,
			);
			name = Products;
			sourceTree = "<group>";
		};
		D0E2379C18653BFB00D3A443 /* Frameworks */ = {
			isa = PBXGroup;
			children = (
				D0CD6FA918E5F70300F29886 /* libz.dylib */,
				D0CD6FA618E5F37A00F29886 /* libsqlite3.dylib */,
				D0CD6E5E18E5F17200F29886 /* GoogleAdMobAdsSdkiOS-6.8.0 */,
				D0CD6D8C18E5EED900F29886 /* libGoogleAnalyticsServices.a */,
				D0CD6D8D18E5EED900F29886 /* libAdIdAccess.a */,
				D0CD6D8A18E5EB8000F29886 /* libz.1.2.5.dylib */,
				D0CD6D8818E5EB2600F29886 /* CoreData.framework */,
				D0CD6D8618E5E90800F29886 /* SystemConfiguration.framework */,
				D0CD6D8418E5E8F500F29886 /* MessageUI.framework */,
				D0CD6D8218E5E8ED00F29886 /* CoreTelephony.framework */,
				D0CD6D8018E5E8DC00F29886 /* AVFoundation.framework */,
				D0CD6D7E18E5E8D600F29886 /* AudioToolbox.framework */,
				D0CD6D7C18E5E8CF00F29886 /* AdSupport.framework */,
				D057BC8C187617CC00BA0D73 /* StoreKit.framework */,
				D00787C31867285700B9F7D9 /* iAd.framework */,
				D0E2379D18653BFB00D3A443 /* Foundation.framework */,
				D0E2379F18653BFB00D3A443 /* CoreGraphics.framework */,
				D0E237A118653BFB00D3A443 /* UIKit.framework */,
				D0E237BC18653BFB00D3A443 /* XCTest.framework */,
				84453473C81747BF897F5A89 /* libPods.a */,
				857F5D0D9C434C59B31BAD11 /* libPods-GoldenSection.a */,
			);
			name = Frameworks;
			sourceTree = "<group>";
		};
		D0E237A318653BFB00D3A443 /* GoldenSection */ = {
			isa = PBXGroup;
			children = (
				D03CC68C1972580300C585BD /* Main.storyboard */,
				D0E237AC18653BFB00D3A443 /* goldenSectionAppDelegate.h */,
				D0E237AD18653BFB00D3A443 /* goldenSectionAppDelegate.m */,
				D0E237B218653BFB00D3A443 /* goldenSectionViewController.h */,
				D0E237B318653BFB00D3A443 /* goldenSectionViewController.m */,
				D0E237B518653BFB00D3A443 /* Images.xcassets */,
				D0E237A418653BFB00D3A443 /* Supporting Files */,
			);
			path = GoldenSection;
			sourceTree = "<group>";
		};
		D0E237A418653BFB00D3A443 /* Supporting Files */ = {
			isa = PBXGroup;
			children = (
				D050EC8718FE05B300CAF308 /* bgBlue.png */,
				D0E237A518653BFB00D3A443 /* GoldenSection-Info.plist */,
				D0E237A618653BFB00D3A443 /* InfoPlist.strings */,
				D0E237A918653BFB00D3A443 /* main.m */,
				D0E237AB18653BFB00D3A443 /* GoldenSection-Prefix.pch */,
			);
			name = "Supporting Files";
			sourceTree = "<group>";
		};
/* End PBXGroup section */

/* Begin PBXNativeTarget section */
		D0E2379918653BFB00D3A443 /* GoldenSection */ = {
			isa = PBXNativeTarget;
			buildConfigurationList = D0E237CC18653BFB00D3A443 /* Build configuration list for PBXNativeTarget "GoldenSection" */;
			buildPhases = (
				F43C3F8BE89E4CE6832FCACB /* Check Pods Manifest.lock */,
				D0E2379618653BFB00D3A443 /* Sources */,
				D0E2379718653BFB00D3A443 /* Frameworks */,
				D0E2379818653BFB00D3A443 /* Resources */,
				81C4D73763644C87A7CA5B64 /* Copy Pods Resources */,
			);
			buildRules = (
			);
			dependencies = (
			);
			name = GoldenSection;
			productName = GoldenSection;
			productReference = D0E2379A18653BFB00D3A443 /* Golden Ratio.app */;
			productType = "com.apple.product-type.application";
		};
/* End PBXNativeTarget section */

/* Begin PBXProject section */
		D0E2379218653BFB00D3A443 /* Project object */ = {
			isa = PBXProject;
			attributes = {
				CLASSPREFIX = goldenSection;
				LastUpgradeCheck = 0510;
				ORGANIZATIONNAME = "최 혁";
				TargetAttributes = {
					D0E2379918653BFB00D3A443 = {
						DevelopmentTeam = 553JH6R57K;
						SystemCapabilities = {
							com.apple.InAppPurchase = {
								enabled = 1;
							};
						};
					};
				};
			};
			buildConfigurationList = D0E2379518653BFB00D3A443 /* Build configuration list for PBXProject "GoldenSection" */;
			compatibilityVersion = "Xcode 3.2";
			developmentRegion = English;
			hasScannedForEncodings = 0;
			knownRegions = (
				en,
				Base,
			);
			mainGroup = D0E2379118653BFB00D3A443;
			productRefGroup = D0E2379B18653BFB00D3A443 /* Products */;
			projectDirPath = "";
			projectReferences = (
				{
					ProductGroup = D0CD6E8918E5F17200F29886 /* Products */;
					ProjectRef = D0CD6E8818E5F17200F29886 /* CuteAnimals.xcodeproj */;
				},
				{
					ProductGroup = D0CD6E6E18E5F17200F29886 /* Products */;
					ProjectRef = D0CD6E6D18E5F17200F29886 /* CuteAnimals.xcodeproj */;
				},
			);
			projectRoot = "";
			targets = (
				D0E2379918653BFB00D3A443 /* GoldenSection */,
			);
		};
/* End PBXProject section */

/* Begin PBXReferenceProxy section */
		D0CD6ED318E5F17200F29886 /* CuteAnimals.app */ = {
			isa = PBXReferenceProxy;
			fileType = wrapper.application;
			path = CuteAnimals.app;
			remoteRef = D0CD6ED218E5F17200F29886 /* PBXContainerItemProxy */;
			sourceTree = BUILT_PRODUCTS_DIR;
		};
		D0CD6FA218E5F2B600F29886 /* CuteAnimals.app */ = {
			isa = PBXReferenceProxy;
			fileType = wrapper.application;
			path = CuteAnimals.app;
			remoteRef = D0CD6FA118E5F2B600F29886 /* PBXContainerItemProxy */;
			sourceTree = BUILT_PRODUCTS_DIR;
		};
/* End PBXReferenceProxy section */

/* Begin PBXResourcesBuildPhase section */
		D0E2379818653BFB00D3A443 /* Resources */ = {
			isa = PBXResourcesBuildPhase;
			buildActionMask = 2147483647;
			files = (
				D0E237B618653BFB00D3A443 /* Images.xcassets in Resources */,
				D050EC8818FE05B300CAF308 /* bgBlue.png in Resources */,
				D0E237A818653BFB00D3A443 /* InfoPlist.strings in Resources */,
				D03CC68E1972580300C585BD /* Main.storyboard in Resources */,
			);
			runOnlyForDeploymentPostprocessing = 0;
		};
/* End PBXResourcesBuildPhase section */

/* Begin PBXShellScriptBuildPhase section */
		81C4D73763644C87A7CA5B64 /* Copy Pods Resources */ = {
			isa = PBXShellScriptBuildPhase;
			buildActionMask = 2147483647;
			files = (
			);
			inputPaths = (
			);
			name = "Copy Pods Resources";
			outputPaths = (
			);
			runOnlyForDeploymentPostprocessing = 0;
			shellPath = /bin/sh;
			shellScript = "\"${SRCROOT}/Pods/Target Support Files/Pods-GoldenSection/Pods-GoldenSection-resources.sh\"\n";
			showEnvVarsInLog = 0;
		};
		F43C3F8BE89E4CE6832FCACB /* Check Pods Manifest.lock */ = {
			isa = PBXShellScriptBuildPhase;
			buildActionMask = 2147483647;
			files = (
			);
			inputPaths = (
			);
			name = "Check Pods Manifest.lock";
			outputPaths = (
			);
			runOnlyForDeploymentPostprocessing = 0;
			shellPath = /bin/sh;
			shellScript = "diff \"${PODS_ROOT}/../Podfile.lock\" \"${PODS_ROOT}/Manifest.lock\" > /dev/null\nif [[ $? != 0 ]] ; then\n    cat << EOM\nerror: The sandbox is not in sync with the Podfile.lock. Run 'pod install' or update your CocoaPods installation.\nEOM\n    exit 1\nfi\n";
			showEnvVarsInLog = 0;
		};
/* End PBXShellScriptBuildPhase section */

/* Begin PBXSourcesBuildPhase section */
		D0E2379618653BFB00D3A443 /* Sources */ = {
			isa = PBXSourcesBuildPhase;
			buildActionMask = 2147483647;
			files = (
				D0E237B418653BFB00D3A443 /* goldenSectionViewController.m in Sources */,
				D0E237AA18653BFB00D3A443 /* main.m in Sources */,
				D0E237AE18653BFB00D3A443 /* goldenSectionAppDelegate.m in Sources */,
			);
			runOnlyForDeploymentPostprocessing = 0;
		};
/* End PBXSourcesBuildPhase section */

/* Begin PBXVariantGroup section */
		D03CC68C1972580300C585BD /* Main.storyboard */ = {
			isa = PBXVariantGroup;
			children = (
				D03CC68D1972580300C585BD /* Base */,
			);
			name = Main.storyboard;
			sourceTree = "<group>";
		};
		D0E237A618653BFB00D3A443 /* InfoPlist.strings */ = {
			isa = PBXVariantGroup;
			children = (
				D0E237A718653BFB00D3A443 /* en */,
			);
			name = InfoPlist.strings;
			sourceTree = "<group>";
		};
/* End PBXVariantGroup section */

/* Begin XCBuildConfiguration section */
		D0E237CA18653BFB00D3A443 /* Debug */ = {
			isa = XCBuildConfiguration;
			buildSettings = {
				ALWAYS_SEARCH_USER_PATHS = NO;
				CLANG_CXX_LANGUAGE_STANDARD = "gnu++0x";
				CLANG_CXX_LIBRARY = "libc++";
				CLANG_ENABLE_MODULES = YES;
				CLANG_ENABLE_OBJC_ARC = YES;
				CLANG_WARN_BOOL_CONVERSION = YES;
				CLANG_WARN_CONSTANT_CONVERSION = YES;
				CLANG_WARN_DIRECT_OBJC_ISA_USAGE = YES_ERROR;
				CLANG_WARN_EMPTY_BODY = YES;
				CLANG_WARN_ENUM_CONVERSION = YES;
				CLANG_WARN_INT_CONVERSION = YES;
				CLANG_WARN_OBJC_ROOT_CLASS = YES_ERROR;
				CLANG_WARN__DUPLICATE_METHOD_MATCH = YES;
				CODE_SIGN_IDENTITY = "iPhone Developer: Hyuk Choi (XEKC7398U6)";
				"CODE_SIGN_IDENTITY[sdk=iphoneos*]" = "iPhone Developer: Hyuk Choi (XEKC7398U6)";
				COPY_PHASE_STRIP = NO;
				GCC_C_LANGUAGE_STANDARD = gnu99;
				GCC_DYNAMIC_NO_PIC = NO;
				GCC_OPTIMIZATION_LEVEL = 0;
				GCC_PREPROCESSOR_DEFINITIONS = (
					"DEBUG=1",
					"$(inherited)",
				);
				GCC_SYMBOLS_PRIVATE_EXTERN = NO;
				GCC_WARN_64_TO_32_BIT_CONVERSION = YES;
				GCC_WARN_ABOUT_RETURN_TYPE = YES_ERROR;
				GCC_WARN_UNDECLARED_SELECTOR = YES;
				GCC_WARN_UNINITIALIZED_AUTOS = YES;
				GCC_WARN_UNUSED_FUNCTION = YES;
				GCC_WARN_UNUSED_VARIABLE = YES;
				IPHONEOS_DEPLOYMENT_TARGET = 6.0;
				ONLY_ACTIVE_ARCH = NO;
				PROVISIONING_PROFILE = "E31E9670-AD61-4E00-A262-AFEF3F5BC356";
				SDKROOT = iphoneos;
			};
			name = Debug;
		};
		D0E237CB18653BFB00D3A443 /* Release */ = {
			isa = XCBuildConfiguration;
			buildSettings = {
				ALWAYS_SEARCH_USER_PATHS = NO;
				CLANG_CXX_LANGUAGE_STANDARD = "gnu++0x";
				CLANG_CXX_LIBRARY = "libc++";
				CLANG_ENABLE_MODULES = YES;
				CLANG_ENABLE_OBJC_ARC = YES;
				CLANG_WARN_BOOL_CONVERSION = YES;
				CLANG_WARN_CONSTANT_CONVERSION = YES;
				CLANG_WARN_DIRECT_OBJC_ISA_USAGE = YES_ERROR;
				CLANG_WARN_EMPTY_BODY = YES;
				CLANG_WARN_ENUM_CONVERSION = YES;
				CLANG_WARN_INT_CONVERSION = YES;
				CLANG_WARN_OBJC_ROOT_CLASS = YES_ERROR;
				CLANG_WARN__DUPLICATE_METHOD_MATCH = YES;
				CODE_SIGN_IDENTITY = "iPhone Developer: Hyuk Choi (XEKC7398U6)";
				"CODE_SIGN_IDENTITY[sdk=iphoneos*]" = "iPhone Developer: Hyuk Choi (XEKC7398U6)";
				COPY_PHASE_STRIP = YES;
				ENABLE_NS_ASSERTIONS = NO;
				GCC_C_LANGUAGE_STANDARD = gnu99;
				GCC_WARN_64_TO_32_BIT_CONVERSION = YES;
				GCC_WARN_ABOUT_RETURN_TYPE = YES_ERROR;
				GCC_WARN_UNDECLARED_SELECTOR = YES;
				GCC_WARN_UNINITIALIZED_AUTOS = YES;
				GCC_WARN_UNUSED_FUNCTION = YES;
				GCC_WARN_UNUSED_VARIABLE = YES;
				IPHONEOS_DEPLOYMENT_TARGET = 6.0;
				PROVISIONING_PROFILE = "E31E9670-AD61-4E00-A262-AFEF3F5BC356";
				SDKROOT = iphoneos;
				VALIDATE_PRODUCT = YES;
			};
			name = Release;
		};
		D0E237CD18653BFB00D3A443 /* Debug */ = {
			isa = XCBuildConfiguration;
			baseConfigurationReference = 767BB13B61AAC445AB098F3F /* Pods-GoldenSection.debug.xcconfig */;
			buildSettings = {
				ASSETCATALOG_COMPILER_APPICON_NAME = AppIcon;
				ASSETCATALOG_COMPILER_LAUNCHIMAGE_NAME = LaunchImage;
				CODE_SIGN_IDENTITY = "iPhone Developer: Hyuk Choi (XEKC7398U6)";
				GCC_PRECOMPILE_PREFIX_HEADER = YES;
				GCC_PREFIX_HEADER = "GoldenSection/GoldenSection-Prefix.pch";
				HEADER_SEARCH_PATHS = "$(inherited)";
				INFOPLIST_FILE = "GoldenSection/GoldenSection-Info.plist";
				IPHONEOS_DEPLOYMENT_TARGET = 6.0;
				LIBRARY_SEARCH_PATHS = "$(inherited)";
				ONLY_ACTIVE_ARCH = NO;
				OTHER_LDFLAGS = (
					"-ObjC",
					"$(inherited)",
					"-framework",
					AdSupport,
					"-force_load",
					"\"${PODS_ROOT}/GoogleAnalytics-iOS-SDK/libAdIdAccess.a\"\n\n",
				);
				PRODUCT_NAME = "Golden Ratio";
				PROVISIONING_PROFILE = "af3fd604-8ca2-4969-b28f-36ee4051eb78";
				VERSIONING_SYSTEM = "";
				WRAPPER_EXTENSION = app;
			};
			name = Debug;
		};
		D0E237CE18653BFB00D3A443 /* Release */ = {
			isa = XCBuildConfiguration;
			baseConfigurationReference = 1C2627B791DD7896A22062D9 /* Pods-GoldenSection.release.xcconfig */;
			buildSettings = {
				ASSETCATALOG_COMPILER_APPICON_NAME = AppIcon;
				ASSETCATALOG_COMPILER_LAUNCHIMAGE_NAME = LaunchImage;
				CODE_SIGN_IDENTITY = "iPhone Developer: Hyuk Choi (XEKC7398U6)";
				GCC_PRECOMPILE_PREFIX_HEADER = YES;
				GCC_PREFIX_HEADER = "GoldenSection/GoldenSection-Prefix.pch";
				HEADER_SEARCH_PATHS = "$(inherited)";
				INFOPLIST_FILE = "GoldenSection/GoldenSection-Info.plist";
				IPHONEOS_DEPLOYMENT_TARGET = 6.0;
				LIBRARY_SEARCH_PATHS = "$(inherited)";
				ONLY_ACTIVE_ARCH = NO;
				OTHER_LDFLAGS = (
					"-ObjC",
					"$(inherited)",
					"-framework",
					AdSupport,
					"-force_load",
					"\"${PODS_ROOT}/GoogleAnalytics-iOS-SDK/libAdIdAccess.a\"\n\n",
				);
				PRODUCT_NAME = "Golden Ratio";
				PROVISIONING_PROFILE = "af3fd604-8ca2-4969-b28f-36ee4051eb78";
				VERSIONING_SYSTEM = "";
				WRAPPER_EXTENSION = app;
			};
			name = Release;
		};
/* End XCBuildConfiguration section */

/* Begin XCConfigurationList section */
		D0E2379518653BFB00D3A443 /* Build configuration list for PBXProject "GoldenSection" */ = {
			isa = XCConfigurationList;
			buildConfigurations = (
				D0E237CA18653BFB00D3A443 /* Debug */,
				D0E237CB18653BFB00D3A443 /* Release */,
			);
			defaultConfigurationIsVisible = 0;
			defaultConfigurationName = Release;
		};
		D0E237CC18653BFB00D3A443 /* Build configuration list for PBXNativeTarget "GoldenSection" */ = {
			isa = XCConfigurationList;
			buildConfigurations = (
				D0E237CD18653BFB00D3A443 /* Debug */,
				D0E237CE18653BFB00D3A443 /* Release */,
			);
			defaultConfigurationIsVisible = 0;
			defaultConfigurationName = Release;
		};
/* End XCConfigurationList section */
	};
	rootObject = D0E2379218653BFB00D3A443 /* Project object */;
}
